
Microsoft Visual Studio Solution File, Format Version 12.00
# Visual Studio Version 17
VisualStudioVersion = 17.14.36616.10 d17.14
MinimumVisualStudioVersion = 10.0.40219.1
Project("{FAE04EC0-301F-11D3-BF4B-00C04F79EFBC}") = "Ej1", "Ej1\Ej1.csproj", "{A71E04D5-BDBA-436D-919B-A3603993CC57}"
EndProject
Global
	GlobalSection(SolutionConfigurationPlatforms) = preSolution
		Debug|Any CPU = Debug|Any CPU
		Release|Any CPU = Release|Any CPU
	EndGlobalSection
	GlobalSection(ProjectConfigurationPlatforms) = postSolution
		{A71E04D5-BDBA-436D-919B-A3603993CC57}.Debug|Any CPU.ActiveCfg = Debug|Any CPU
		{A71E04D5-BDBA-436D-919B-A3603993CC57}.Debug|Any CPU.Build.0 = Debug|Any CPU
		{A71E04D5-BDBA-436D-919B-A3603993CC57}.Release|Any CPU.ActiveCfg = Release|Any CPU
		{A71E04D5-BDBA-436D-919B-A3603993CC57}.Release|Any CPU.Build.0 = Release|Any CPU
	EndGlobalSection
	GlobalSection(SolutionProperties) = preSolution
		HideSolutionNode = FALSE
	EndGlobalSection
	GlobalSection(ExtensibilityGlobals) = postSolution
		SolutionGuid = {8DD32010-7B06-42BA-B7F1-3E6FA7E2EDBC}
	EndGlobalSection
EndGlobal
