
Microsoft Visual Studio Solution File, Format Version 12.00
# Visual Studio Version 17
VisualStudioVersion = 17.14.36603.0 d17.14
MinimumVisualStudioVersion = 10.0.40219.1
Project("{FAE04EC0-301F-11D3-BF4B-00C04F79EFBC}") = "UI", "UI\UI.csproj", "{35BA34D3-ED02-42C3-9100-3B4E56269A24}"
EndProject
Project("{FAE04EC0-301F-11D3-BF4B-00C04F79EFBC}") = "Domain", "Domain\Domain.csproj", "{F8152243-153D-44C4-BE00-50D8505A931F}"
EndProject
Project("{FAE04EC0-301F-11D3-BF4B-00C04F79EFBC}") = "Data", "Data\Data.csproj", "{51E2C64B-E3E4-4B8C-97BA-579F47FDF9FD}"
EndProject
Global
	GlobalSection(SolutionConfigurationPlatforms) = preSolution
		Debug|Any CPU = Debug|Any CPU
		Release|Any CPU = Release|Any CPU
	EndGlobalSection
	GlobalSection(ProjectConfigurationPlatforms) = postSolution
		{35BA34D3-ED02-42C3-9100-3B4E56269A24}.Debug|Any CPU.ActiveCfg = Debug|Any CPU
		{35BA34D3-ED02-42C3-9100-3B4E56269A24}.Debug|Any CPU.Build.0 = Debug|Any CPU
		{35BA34D3-ED02-42C3-9100-3B4E56269A24}.Release|Any CPU.ActiveCfg = Release|Any CPU
		{35BA34D3-ED02-42C3-9100-3B4E56269A24}.Release|Any CPU.Build.0 = Release|Any CPU
		{F8152243-153D-44C4-BE00-50D8505A931F}.Debug|Any CPU.ActiveCfg = Debug|Any CPU
		{F8152243-153D-44C4-BE00-50D8505A931F}.Debug|Any CPU.Build.0 = Debug|Any CPU
		{F8152243-153D-44C4-BE00-50D8505A931F}.Release|Any CPU.ActiveCfg = Release|Any CPU
		{F8152243-153D-44C4-BE00-50D8505A931F}.Release|Any CPU.Build.0 = Release|Any CPU
		{51E2C64B-E3E4-4B8C-97BA-579F47FDF9FD}.Debug|Any CPU.ActiveCfg = Debug|Any CPU
		{51E2C64B-E3E4-4B8C-97BA-579F47FDF9FD}.Debug|Any CPU.Build.0 = Debug|Any CPU
		{51E2C64B-E3E4-4B8C-97BA-579F47FDF9FD}.Release|Any CPU.ActiveCfg = Release|Any CPU
		{51E2C64B-E3E4-4B8C-97BA-579F47FDF9FD}.Release|Any CPU.Build.0 = Release|Any CPU
	EndGlobalSection
	GlobalSection(SolutionProperties) = preSolution
		HideSolutionNode = FALSE
	EndGlobalSection
	GlobalSection(ExtensibilityGlobals) = postSolution
		SolutionGuid = {F59DC28C-DBB1-4924-9FD0-7F61A5394416}
	EndGlobalSection
EndGlobal
